// !$*UTF8*$!
{
	archiveVersion = 1;
	classes = {
	};
	objectVersion = 48;
	objects = {

/* Begin PBXBuildFile section */
		E1E91FA3203FC2DC00CDB350 /* AppDelegate.swift in Sources */ = {isa = PBXBuildFile; fileRef = E1E91FA2203FC2DC00CDB350 /* AppDelegate.swift */; };
		E1E91FA5203FC2DC00CDB350 /* ViewController.swift in Sources */ = {isa = PBXBuildFile; fileRef = E1E91FA4203FC2DC00CDB350 /* ViewController.swift */; };
		E1E91FA8203FC2DC00CDB350 /* Main.storyboard in Resources */ = {isa = PBXBuildFile; fileRef = E1E91FA6203FC2DC00CDB350 /* Main.storyboard */; };
		E1E91FAA203FC2DC00CDB350 /* Assets.xcassets in Resources */ = {isa = PBXBuildFile; fileRef = E1E91FA9203FC2DC00CDB350 /* Assets.xcassets */; };
		E1E91FAD203FC2DC00CDB350 /* LaunchScreen.storyboard in Resources */ = {isa = PBXBuildFile; fileRef = E1E91FAB203FC2DC00CDB350 /* LaunchScreen.storyboard */; };
/* End PBXBuildFile section */

/* Begin PBXFileReference section */
		E1E91F9F203FC2DC00CDB350 /* SecondRepository.app */ = {isa = PBXFileReference; explicitFileType = wrapper.application; includeInIndex = 0; path = SecondRepository.app; sourceTree = BUILT_PRODUCTS_DIR; };
		E1E91FA2203FC2DC00CDB350 /* AppDelegate.swift */ = {isa = PBXFileReference; lastKnownFileType = sourcecode.swift; path = AppDelegate.swift; sourceTree = "<group>"; };
		E1E91FA4203FC2DC00CDB350 /* ViewController.swift */ = {isa = PBXFileReference; lastKnownFileType = sourcecode.swift; path = ViewController.swift; sourceTree = "<group>"; };
		E1E91FA7203FC2DC00CDB350 /* Base */ = {isa = PBXFileReference; lastKnownFileType = file.storyboard; name = Base; path = Base.lproj/Main.storyboard; sourceTree = "<group>"; };
		E1E91FA9203FC2DC00CDB350 /* Assets.xcassets */ = {isa = PBXFileReference; lastKnownFileType = folder.assetcatalog; path = Assets.xcassets; sourceTree = "<group>"; };
		E1E91FAC203FC2DC00CDB350 /* Base */ = {isa = PBXFileReference; lastKnownFileType = file.storyboard; name = Base; path = Base.lproj/LaunchScreen.storyboard; sourceTree = "<group>"; };
		E1E91FAE203FC2DC00CDB350 /* Info.plist */ = {isa = PBXFileReference; lastKnownFileType = text.plist.xml; path = Info.plist; sourceTree = "<group>"; };
/* End PBXFileReference section */

/* Begin PBXFrameworksBuildPhase section */
		E1E91F9C203FC2DC00CDB350 /* Frameworks */ = {
			isa = PBXFrameworksBuildPhase;
			buildActionMask = 2147483647;
			files = (
			);
			runOnlyForDeploymentPostprocessing = 0;
		};
/* End PBXFrameworksBuildPhase section */

/* Begin PBXGroup section */
		E1E91F96203FC2DC00CDB350 = {
			isa = PBXGroup;
			children = (
				E1E91FA1203FC2DC00CDB350 /* SecondRepository */,
				E1E91FA0203FC2DC00CDB350 /* Products */,
			);
			sourceTree = "<group>";
		};
		E1E91FA0203FC2DC00CDB350 /* Products */ = {
			isa = PBXGroup;
			children = (
				E1E91F9F203FC2DC00CDB350 /* SecondRepository.app */,
			);
			name = Products;
			sourceTree = "<group>";
		};
		E1E91FA1203FC2DC00CDB350 /* SecondRepository */ = {
			isa = PBXGroup;
			children = (
				E1E91FA2203FC2DC00CDB350 /* AppDelegate.swift */,
				E1E91FA4203FC2DC00CDB350 /* ViewController.swift */,
				E1E91FA6203FC2DC00CDB350 /* Main.storyboard */,
				E1E91FA9203FC2DC00CDB350 /* Assets.xcassets */,
				E1E91FAB203FC2DC00CDB350 /* LaunchScreen.storyboard */,
				E1E91FAE203FC2DC00CDB350 /* Info.plist */,
			);
			path = SecondRepository;
			sourceTree = "<group>";
		};
/* End PBXGroup section */

/* Begin PBXNativeTarget section */
		E1E91F9E203FC2DC00CDB350 /* SecondRepository */ = {
			isa = PBXNativeTarget;
			buildConfigurationList = E1E91FB1203FC2DC00CDB350 /* Build configuration list for PBXNativeTarget "SecondRepository" */;
			buildPhases = (
				E1E91F9B203FC2DC00CDB350 /* Sources */,
				E1E91F9C203FC2DC00CDB350 /* Frameworks */,
				E1E91F9D203FC2DC00CDB350 /* Resources */,
			);
			buildRules = (
			);
			dependencies = (
			);
			name = SecondRepository;
			productName = SecondRepository;
			productReference = E1E91F9F203FC2DC00CDB350 /* SecondRepository.app */;
			productType = "com.apple.product-type.application";
		};
/* End PBXNativeTarget section */

/* Begin PBXProject section */
		E1E91F97203FC2DC00CDB350 /* Project object */ = {
			isa = PBXProject;
			attributes = {
				LastSwiftUpdateCheck = 0920;
				LastUpgradeCheck = 0920;
				ORGANIZATIONNAME = PatrickMRoskam;
				TargetAttributes = {
					E1E91F9E203FC2DC00CDB350 = {
						CreatedOnToolsVersion = 9.2;
						ProvisioningStyle = Automatic;
					};
				};
			};
			buildConfigurationList = E1E91F9A203FC2DC00CDB350 /* Build configuration list for PBXProject "SecondRepository" */;
			compatibilityVersion = "Xcode 8.0";
			developmentRegion = en;
			hasScannedForEncodings = 0;
			knownRegions = (
				en,
				Base,
			);
			mainGroup = E1E91F96203FC2DC00CDB350;
			productRefGroup = E1E91FA0203FC2DC00CDB350 /* Products */;
			projectDirPath = "";
			projectRoot = "";
			targets = (
				E1E91F9E203FC2DC00CDB350 /* SecondRepository */,
			);
		};
/* End PBXProject section */

/* Begin PBXResourcesBuildPhase section */
		E1E91F9D203FC2DC00CDB350 /* Resources */ = {
			isa = PBXResourcesBuildPhase;
			buildActionMask = 2147483647;
			files = (
				E1E91FAD203FC2DC00CDB350 /* LaunchScreen.storyboard in Resources */,
				E1E91FAA203FC2DC00CDB350 /* Assets.xcassets in Resources */,
				E1E91FA8203FC2DC00CDB350 /* Main.storyboard in Resources */,
			);
			runOnlyForDeploymentPostprocessing = 0;
		};
/* End PBXResourcesBuildPhase section */

/* Begin PBXSourcesBuildPhase section */
		E1E91F9B203FC2DC00CDB350 /* Sources */ = {
			isa = PBXSourcesBuildPhase;
			buildActionMask = 2147483647;
			files = (
				E1E91FA5203FC2DC00CDB350 /* ViewController.swift in Sources */,
				E1E91FA3203FC2DC00CDB350 /* AppDelegate.swift in Sources */,
			);
			runOnlyForDeploymentPostprocessing = 0;
		};
/* End PBXSourcesBuildPhase section */

/* Begin PBXVariantGroup section */
		E1E91FA6203FC2DC00CDB350 /* Main.storyboard */ = {
			isa = PBXVariantGroup;
			children = (
				E1E91FA7203FC2DC00CDB350 /* Base */,
			);
			name = Main.storyboard;
			sourceTree = "<group>";
		};
		E1E91FAB203FC2DC00CDB350 /* LaunchScreen.storyboard */ = {
			isa = PBXVariantGroup;
			children = (
				E1E91FAC203FC2DC00CDB350 /* Base */,
			);
			name = LaunchScreen.storyboard;
			sourceTree = "<group>";
		};
/* End PBXVariantGroup section */

/* Begin XCBuildConfiguration section */
		E1E91FAF203FC2DC00CDB350 /* Debug */ = {
			isa = XCBuildConfiguration;
			buildSettings = {
				ALWAYS_SEARCH_USER_PATHS = NO;
				CLANG_ANALYZER_NONNULL = YES;
				CLANG_ANALYZER_NUMBER_OBJECT_CONVERSION = YES_AGGRESSIVE;
				CLANG_CXX_LANGUAGE_STANDARD = "gnu++14";
				CLANG_CXX_LIBRARY = "libc++";
				CLANG_ENABLE_MODULES = YES;
				CLANG_ENABLE_OBJC_ARC = YES;
				CLANG_WARN_BLOCK_CAPTURE_AUTORELEASING = YES;
				CLANG_WARN_BOOL_CONVERSION = YES;
				CLANG_WARN_COMMA = YES;
				CLANG_WARN_CONSTANT_CONVERSION = YES;
				CLANG_WARN_DIRECT_OBJC_ISA_USAGE = YES_ERROR;
				CLANG_WARN_DOCUMENTATION_COMMENTS = YES;
				CLANG_WARN_EMPTY_BODY = YES;
				CLANG_WARN_ENUM_CONVERSION = YES;
				CLANG_WARN_INFINITE_RECURSION = YES;
				CLANG_WARN_INT_CONVERSION = YES;
				CLANG_WARN_NON_LITERAL_NULL_CONVERSION = YES;
				CLANG_WARN_OBJC_LITERAL_CONVERSION = YES;
				CLANG_WARN_OBJC_ROOT_CLASS = YES_ERROR;
				CLANG_WARN_RANGE_LOOP_ANALYSIS = YES;
				CLANG_WARN_STRICT_PROTOTYPES = YES;
				CLANG_WARN_SUSPICIOUS_MOVE = YES;
				CLANG_WARN_UNGUARDED_AVAILABILITY = YES_AGGRESSIVE;
				CLANG_WARN_UNREACHABLE_CODE = YES;
				CLANG_WARN__DUPLICATE_METHOD_MATCH = YES;
				CODE_SIGN_IDENTITY = "iPhone Developer";
				COPY_PHASE_STRIP = NO;
				DEBUG_INFORMATION_FORMAT = dwarf;
				ENABLE_STRICT_OBJC_MSGSEND = YES;
				ENABLE_TESTABILITY = YES;
				GCC_C_LANGUAGE_STANDARD = gnu11;
				GCC_DYNAMIC_NO_PIC = NO;
				GCC_NO_COMMON_BLOCKS = YES;
				GCC_OPTIMIZATION_LEVEL = 0;
				GCC_PREPROCESSOR_DEFINITIONS = (
					"DEBUG=1",
					"$(inherited)",
				);
				GCC_WARN_64_TO_32_BIT_CONVERSION = YES;
				GCC_WARN_ABOUT_RETURN_TYPE = YES_ERROR;
				GCC_WARN_UNDECLARED_SELECTOR = YES;
				GCC_WARN_UNINITIALIZED_AUTOS = YES_AGGRESSIVE;
				GCC_WARN_UNUSED_FUNCTION = YES;
				GCC_WARN_UNUSED_VARIABLE = YES;
				IPHONEOS_DEPLOYMENT_TARGET = 11.2;
				MTL_ENABLE_DEBUG_INFO = YES;
				ONLY_ACTIVE_ARCH = YES;
				SDKROOT = iphoneos;
				SWIFT_ACTIVE_COMPILATION_CONDITIONS = DEBUG;
				SWIFT_OPTIMIZATION_LEVEL = "-Onone";
			};
			name = Debug;
		};
		E1E91FB0203FC2DC00CDB350 /* Release */ = {
			isa = XCBuildConfiguration;
			buildSettings = {
				ALWAYS_SEARCH_USER_PATHS = NO;
				CLANG_ANALYZER_NONNULL = YES;
				CLANG_ANALYZER_NUMBER_OBJECT_CONVERSION = YES_AGGRESSIVE;
				CLANG_CXX_LANGUAGE_STANDARD = "gnu++14";
				CLANG_CXX_LIBRARY = "libc++";
				CLANG_ENABLE_MODULES = YES;
				CLANG_ENABLE_OBJC_ARC = YES;
				CLANG_WARN_BLOCK_CAPTURE_AUTORELEASING = YES;
				CLANG_WARN_BOOL_CONVERSION = YES;
				CLANG_WARN_COMMA = YES;
				CLANG_WARN_CONSTANT_CONVERSION = YES;
				CLANG_WARN_DIRECT_OBJC_ISA_USAGE = YES_ERROR;
				CLANG_WARN_DOCUMENTATION_COMMENTS = YES;
				CLANG_WARN_EMPTY_BODY = YES;
				CLANG_WARN_ENUM_CONVERSION = YES;
				CLANG_WARN_INFINITE_RECURSION = YES;
				CLANG_WARN_INT_CONVERSION = YES;
				CLANG_WARN_NON_LITERAL_NULL_CONVERSION = YES;
				CLANG_WARN_OBJC_LITERAL_CONVERSION = YES;
				CLANG_WARN_OBJC_ROOT_CLASS = YES_ERROR;
				CLANG_WARN_RANGE_LOOP_ANALYSIS = YES;
				CLANG_WARN_STRICT_PROTOTYPES = YES;
				CLANG_WARN_SUSPICIOUS_MOVE = YES;
				CLANG_WARN_UNGUARDED_AVAILABILITY = YES_AGGRESSIVE;
				CLANG_WARN_UNREACHABLE_CODE = YES;
				CLANG_WARN__DUPLICATE_METHOD_MATCH = YES;
				CODE_SIGN_IDENTITY = "iPhone Developer";
				COPY_PHASE_STRIP = NO;
				DEBUG_INFORMATION_FORMAT = "dwarf-with-dsym";
				ENABLE_NS_ASSERTIONS = NO;
				ENABLE_STRICT_OBJC_MSGSEND = YES;
				GCC_C_LANGUAGE_STANDARD = gnu11;
				GCC_NO_COMMON_BLOCKS = YES;
				GCC_WARN_64_TO_32_BIT_CONVERSION = YES;
				GCC_WARN_ABOUT_RETURN_TYPE = YES_ERROR;
				GCC_WARN_UNDECLARED_SELECTOR = YES;
				GCC_WARN_UNINITIALIZED_AUTOS = YES_AGGRESSIVE;
				GCC_WARN_UNUSED_FUNCTION = YES;
				GCC_WARN_UNUSED_VARIABLE = YES;
				IPHONEOS_DEPLOYMENT_TARGET = 11.2;
				MTL_ENABLE_DEBUG_INFO = NO;
				SDKROOT = iphoneos;
				SWIFT_OPTIMIZATION_LEVEL = "-Owholemodule";
				VALIDATE_PRODUCT = YES;
			};
			name = Release;
		};
		E1E91FB2203FC2DC00CDB350 /* Debug */ = {
			isa = XCBuildConfiguration;
			buildSettings = {
				ASSETCATALOG_COMPILER_APPICON_NAME = AppIcon;
				CODE_SIGN_STYLE = Automatic;
				DEVELOPMENT_TEAM = 26KX2R4U78;
				INFOPLIST_FILE = SecondRepository/Info.plist;
				LD_RUNPATH_SEARCH_PATHS = "$(inherited) @executable_path/Frameworks";
				PRODUCT_BUNDLE_IDENTIFIER = com.patrickmroskam.SecondRepository;
				PRODUCT_NAME = "$(TARGET_NAME)";
				SWIFT_VERSION = 4.0;
				TARGETED_DEVICE_FAMILY = "1,2";
			};
			name = Debug;
		};
		E1E91FB3203FC2DC00CDB350 /* Release */ = {
			isa = XCBuildConfiguration;
			buildSettings = {
				ASSETCATALOG_COMPILER_APPICON_NAME = AppIcon;
				CODE_SIGN_STYLE = Automatic;
				DEVELOPMENT_TEAM = 26KX2R4U78;
				INFOPLIST_FILE = SecondRepository/Info.plist;
				LD_RUNPATH_SEARCH_PATHS = "$(inherited) @executable_path/Frameworks";
				PRODUCT_BUNDLE_IDENTIFIER = com.patrickmroskam.SecondRepository;
				PRODUCT_NAME = "$(TARGET_NAME)";
				SWIFT_VERSION = 4.0;
				TARGETED_DEVICE_FAMILY = "1,2";
			};
			name = Release;
		};
/* End XCBuildConfiguration section */

/* Begin XCConfigurationList section */
		E1E91F9A203FC2DC00CDB350 /* Build configuration list for PBXProject "SecondRepository" */ = {
			isa = XCConfigurationList;
			buildConfigurations = (
				E1E91FAF203FC2DC00CDB350 /* Debug */,
				E1E91FB0203FC2DC00CDB350 /* Release */,
			);
			defaultConfigurationIsVisible = 0;
			defaultConfigurationName = Release;
		};
		E1E91FB1203FC2DC00CDB350 /* Build configuration list for PBXNativeTarget "SecondRepository" */ = {
			isa = XCConfigurationList;
			buildConfigurations = (
				E1E91FB2203FC2DC00CDB350 /* Debug */,
				E1E91FB3203FC2DC00CDB350 /* Release */,
			);
			defaultConfigurationIsVisible = 0;
			defaultConfigurationName = Release;
		};
/* End XCConfigurationList section */
	};
	rootObject = E1E91F97203FC2DC00CDB350 /* Project object */;
}
